// !$*UTF8*$!
{
	archiveVersion = 1;
	classes = {
	};
	objectVersion = 46;
	objects = {

/* Begin PBXBuildFile section */
		9C2A0D9A1DE6ABC40063A59A /* analytic.cpp in Sources */ = {isa = PBXBuildFile; fileRef = 9C2A0D8B1DE6ABC40063A59A /* analytic.cpp */; };
		9C2A0D9B1DE6ABC40063A59A /* LIF_network.cpp in Sources */ = {isa = PBXBuildFile; fileRef = 9C2A0D8C1DE6ABC40063A59A /* LIF_network.cpp */; };
		9C2A0D9C1DE6ABC40063A59A /* read_params.cpp in Sources */ = {isa = PBXBuildFile; fileRef = 9C2A0D8E1DE6ABC40063A59A /* read_params.cpp */; };
		9C2A0D9D1DE6ABC40063A59A /* calculate_population_statistics.cpp in Sources */ = {isa = PBXBuildFile; fileRef = 9C2A0D901DE6ABC40063A59A /* calculate_population_statistics.cpp */; };
		9C2A0D9E1DE6ABC40063A59A /* evaluate_k.cpp in Sources */ = {isa = PBXBuildFile; fileRef = 9C2A0D911DE6ABC40063A59A /* evaluate_k.cpp */; };
		9C2A0D9F1DE6ABC40063A59A /* evolve_ge_poisson_input.cpp in Sources */ = {isa = PBXBuildFile; fileRef = 9C2A0D921DE6ABC40063A59A /* evolve_ge_poisson_input.cpp */; };
		9C2A0DA01DE6ABC40063A59A /* evolve_potential.cpp in Sources */ = {isa = PBXBuildFile; fileRef = 9C2A0D931DE6ABC40063A59A /* evolve_potential.cpp */; };
		9C2A0DA11DE6ABC40063A59A /* generate_LIF_network_adjacency_matrix.cpp in Sources */ = {isa = PBXBuildFile; fileRef = 9C2A0D941DE6ABC40063A59A /* generate_LIF_network_adjacency_matrix.cpp */; };
		9C2A0DA21DE6ABC40063A59A /* get_alpha.cpp in Sources */ = {isa = PBXBuildFile; fileRef = 9C2A0D951DE6ABC40063A59A /* get_alpha.cpp */; };
		9C2A0DA31DE6ABC40063A59A /* get_beta.cpp in Sources */ = {isa = PBXBuildFile; fileRef = 9C2A0D961DE6ABC40063A59A /* get_beta.cpp */; };
		9C2A0DA41DE6ABC40063A59A /* rk2.cpp in Sources */ = {isa = PBXBuildFile; fileRef = 9C2A0D971DE6ABC40063A59A /* rk2.cpp */; };
		9C2A0DA51DE6ABC40063A59A /* shelley_and_tao_2001.cpp in Sources */ = {isa = PBXBuildFile; fileRef = 9C2A0D981DE6ABC40063A59A /* shelley_and_tao_2001.cpp */; };
/* End PBXBuildFile section */

/* Begin PBXCopyFilesBuildPhase section */
		9C2A0D641DE6AB260063A59A /* CopyFiles */ = {
			isa = PBXCopyFilesBuildPhase;
			buildActionMask = 2147483647;
			dstPath = /usr/share/man/man1/;
			dstSubfolderSpec = 0;
			files = (
			);
			runOnlyForDeploymentPostprocessing = 1;
		};
/* End PBXCopyFilesBuildPhase section */

/* Begin PBXFileReference section */
		9C2A0D661DE6AB260063A59A /* LIF-CPP */ = {isa = PBXFileReference; explicitFileType = "compiled.mach-o.executable"; includeInIndex = 0; path = "LIF-CPP"; sourceTree = BUILT_PRODUCTS_DIR; };
		9C2A0D8B1DE6ABC40063A59A /* analytic.cpp */ = {isa = PBXFileReference; fileEncoding = 4; lastKnownFileType = sourcecode.cpp.cpp; path = analytic.cpp; sourceTree = "<group>"; };
		9C2A0D8C1DE6ABC40063A59A /* LIF_network.cpp */ = {isa = PBXFileReference; fileEncoding = 4; lastKnownFileType = sourcecode.cpp.cpp; path = LIF_network.cpp; sourceTree = "<group>"; };
		9C2A0D8D1DE6ABC40063A59A /* My_Random_Number_Generator.h */ = {isa = PBXFileReference; fileEncoding = 4; lastKnownFileType = sourcecode.c.h; path = My_Random_Number_Generator.h; sourceTree = "<group>"; };
		9C2A0D8E1DE6ABC40063A59A /* read_params.cpp */ = {isa = PBXFileReference; fileEncoding = 4; lastKnownFileType = sourcecode.cpp.cpp; path = read_params.cpp; sourceTree = "<group>"; };
		9C2A0D8F1DE6ABC40063A59A /* small_functions.h */ = {isa = PBXFileReference; fileEncoding = 4; lastKnownFileType = sourcecode.c.h; path = small_functions.h; sourceTree = "<group>"; };
		9C2A0D901DE6ABC40063A59A /* calculate_population_statistics.cpp */ = {isa = PBXFileReference; fileEncoding = 4; lastKnownFileType = sourcecode.cpp.cpp; path = calculate_population_statistics.cpp; sourceTree = "<group>"; };
		9C2A0D911DE6ABC40063A59A /* evaluate_k.cpp */ = {isa = PBXFileReference; fileEncoding = 4; lastKnownFileType = sourcecode.cpp.cpp; path = evaluate_k.cpp; sourceTree = "<group>"; };
		9C2A0D921DE6ABC40063A59A /* evolve_ge_poisson_input.cpp */ = {isa = PBXFileReference; fileEncoding = 4; lastKnownFileType = sourcecode.cpp.cpp; path = evolve_ge_poisson_input.cpp; sourceTree = "<group>"; };
		9C2A0D931DE6ABC40063A59A /* evolve_potential.cpp */ = {isa = PBXFileReference; fileEncoding = 4; lastKnownFileType = sourcecode.cpp.cpp; path = evolve_potential.cpp; sourceTree = "<group>"; };
		9C2A0D941DE6ABC40063A59A /* generate_LIF_network_adjacency_matrix.cpp */ = {isa = PBXFileReference; fileEncoding = 4; lastKnownFileType = sourcecode.cpp.cpp; path = generate_LIF_network_adjacency_matrix.cpp; sourceTree = "<group>"; };
		9C2A0D951DE6ABC40063A59A /* get_alpha.cpp */ = {isa = PBXFileReference; fileEncoding = 4; lastKnownFileType = sourcecode.cpp.cpp; path = get_alpha.cpp; sourceTree = "<group>"; };
		9C2A0D961DE6ABC40063A59A /* get_beta.cpp */ = {isa = PBXFileReference; fileEncoding = 4; lastKnownFileType = sourcecode.cpp.cpp; path = get_beta.cpp; sourceTree = "<group>"; };
		9C2A0D971DE6ABC40063A59A /* rk2.cpp */ = {isa = PBXFileReference; fileEncoding = 4; lastKnownFileType = sourcecode.cpp.cpp; path = rk2.cpp; sourceTree = "<group>"; };
		9C2A0D981DE6ABC40063A59A /* shelley_and_tao_2001.cpp */ = {isa = PBXFileReference; fileEncoding = 4; lastKnownFileType = sourcecode.cpp.cpp; path = shelley_and_tao_2001.cpp; sourceTree = "<group>"; };
		9C2A0D991DE6ABC40063A59A /* typedefs.h */ = {isa = PBXFileReference; fileEncoding = 4; lastKnownFileType = sourcecode.c.h; path = typedefs.h; sourceTree = "<group>"; };
/* End PBXFileReference section */

/* Begin PBXFrameworksBuildPhase section */
		9C2A0D631DE6AB260063A59A /* Frameworks */ = {
			isa = PBXFrameworksBuildPhase;
			buildActionMask = 2147483647;
			files = (
			);
			runOnlyForDeploymentPostprocessing = 0;
		};
/* End PBXFrameworksBuildPhase section */

/* Begin PBXGroup section */
		9C2A0D5D1DE6AB260063A59A = {
			isa = PBXGroup;
			children = (
				9C2A0D681DE6AB260063A59A /* LIF-CPP */,
				9C2A0D671DE6AB260063A59A /* Products */,
			);
			sourceTree = "<group>";
		};
		9C2A0D671DE6AB260063A59A /* Products */ = {
			isa = PBXGroup;
			children = (
				9C2A0D661DE6AB260063A59A /* LIF-CPP */,
			);
			name = Products;
			sourceTree = "<group>";
		};
		9C2A0D681DE6AB260063A59A /* LIF-CPP */ = {
			isa = PBXGroup;
			children = (
				9C2A0D8B1DE6ABC40063A59A /* analytic.cpp */,
				9C2A0D8C1DE6ABC40063A59A /* LIF_network.cpp */,
				9C2A0D8D1DE6ABC40063A59A /* My_Random_Number_Generator.h */,
				9C2A0D8E1DE6ABC40063A59A /* read_params.cpp */,
				9C2A0D8F1DE6ABC40063A59A /* small_functions.h */,
				9C2A0D901DE6ABC40063A59A /* calculate_population_statistics.cpp */,
				9C2A0D911DE6ABC40063A59A /* evaluate_k.cpp */,
				9C2A0D921DE6ABC40063A59A /* evolve_ge_poisson_input.cpp */,
				9C2A0D931DE6ABC40063A59A /* evolve_potential.cpp */,
				9C2A0D941DE6ABC40063A59A /* generate_LIF_network_adjacency_matrix.cpp */,
				9C2A0D951DE6ABC40063A59A /* get_alpha.cpp */,
				9C2A0D961DE6ABC40063A59A /* get_beta.cpp */,
				9C2A0D971DE6ABC40063A59A /* rk2.cpp */,
				9C2A0D981DE6ABC40063A59A /* shelley_and_tao_2001.cpp */,
				9C2A0D991DE6ABC40063A59A /* typedefs.h */,
			);
			path = "LIF-CPP";
			sourceTree = "<group>";
		};
/* End PBXGroup section */

/* Begin PBXNativeTarget section */
		9C2A0D651DE6AB260063A59A /* LIF-CPP */ = {
			isa = PBXNativeTarget;
			buildConfigurationList = 9C2A0D6D1DE6AB260063A59A /* Build configuration list for PBXNativeTarget "LIF-CPP" */;
			buildPhases = (
				9C2A0D621DE6AB260063A59A /* Sources */,
				9C2A0D631DE6AB260063A59A /* Frameworks */,
				9C2A0D641DE6AB260063A59A /* CopyFiles */,
			);
			buildRules = (
			);
			dependencies = (
			);
			name = "LIF-CPP";
			productName = "LIF-CPP";
			productReference = 9C2A0D661DE6AB260063A59A /* LIF-CPP */;
			productType = "com.apple.product-type.tool";
		};
/* End PBXNativeTarget section */

/* Begin PBXProject section */
		9C2A0D5E1DE6AB260063A59A /* Project object */ = {
			isa = PBXProject;
			attributes = {
				LastUpgradeCheck = 0730;
				ORGANIZATIONNAME = folmez;
				TargetAttributes = {
					9C2A0D651DE6AB260063A59A = {
						CreatedOnToolsVersion = 7.3.1;
					};
				};
			};
			buildConfigurationList = 9C2A0D611DE6AB260063A59A /* Build configuration list for PBXProject "LIF-CPP" */;
			compatibilityVersion = "Xcode 3.2";
			developmentRegion = English;
			hasScannedForEncodings = 0;
			knownRegions = (
				en,
			);
			mainGroup = 9C2A0D5D1DE6AB260063A59A;
			productRefGroup = 9C2A0D671DE6AB260063A59A /* Products */;
			projectDirPath = "";
			projectRoot = "";
			targets = (
				9C2A0D651DE6AB260063A59A /* LIF-CPP */,
			);
		};
/* End PBXProject section */

/* Begin PBXSourcesBuildPhase section */
		9C2A0D621DE6AB260063A59A /* Sources */ = {
			isa = PBXSourcesBuildPhase;
			buildActionMask = 2147483647;
			files = (
				9C2A0D9B1DE6ABC40063A59A /* LIF_network.cpp in Sources */,
				9C2A0DA41DE6ABC40063A59A /* rk2.cpp in Sources */,
				9C2A0D9A1DE6ABC40063A59A /* analytic.cpp in Sources */,
				9C2A0DA01DE6ABC40063A59A /* evolve_potential.cpp in Sources */,
				9C2A0D9E1DE6ABC40063A59A /* evaluate_k.cpp in Sources */,
				9C2A0D9F1DE6ABC40063A59A /* evolve_ge_poisson_input.cpp in Sources */,
				9C2A0DA51DE6ABC40063A59A /* shelley_and_tao_2001.cpp in Sources */,
				9C2A0DA11DE6ABC40063A59A /* generate_LIF_network_adjacency_matrix.cpp in Sources */,
				9C2A0D9D1DE6ABC40063A59A /* calculate_population_statistics.cpp in Sources */,
				9C2A0DA21DE6ABC40063A59A /* get_alpha.cpp in Sources */,
				9C2A0DA31DE6ABC40063A59A /* get_beta.cpp in Sources */,
				9C2A0D9C1DE6ABC40063A59A /* read_params.cpp in Sources */,
			);
			runOnlyForDeploymentPostprocessing = 0;
		};
/* End PBXSourcesBuildPhase section */

/* Begin XCBuildConfiguration section */
		9C2A0D6B1DE6AB260063A59A /* Debug */ = {
			isa = XCBuildConfiguration;
			buildSettings = {
				ALWAYS_SEARCH_USER_PATHS = NO;
				CLANG_ANALYZER_NONNULL = YES;
				CLANG_CXX_LANGUAGE_STANDARD = "gnu++0x";
				CLANG_CXX_LIBRARY = "libc++";
				CLANG_ENABLE_MODULES = YES;
				CLANG_ENABLE_OBJC_ARC = YES;
				CLANG_WARN_BOOL_CONVERSION = YES;
				CLANG_WARN_CONSTANT_CONVERSION = YES;
				CLANG_WARN_DIRECT_OBJC_ISA_USAGE = YES_ERROR;
				CLANG_WARN_EMPTY_BODY = YES;
				CLANG_WARN_ENUM_CONVERSION = YES;
				CLANG_WARN_INT_CONVERSION = YES;
				CLANG_WARN_OBJC_ROOT_CLASS = YES_ERROR;
				CLANG_WARN_UNREACHABLE_CODE = YES;
				CLANG_WARN__DUPLICATE_METHOD_MATCH = YES;
				CODE_SIGN_IDENTITY = "-";
				COPY_PHASE_STRIP = NO;
				DEBUG_INFORMATION_FORMAT = dwarf;
				ENABLE_STRICT_OBJC_MSGSEND = YES;
				ENABLE_TESTABILITY = YES;
				GCC_C_LANGUAGE_STANDARD = gnu99;
				GCC_DYNAMIC_NO_PIC = NO;
				GCC_NO_COMMON_BLOCKS = YES;
				GCC_OPTIMIZATION_LEVEL = 0;
				GCC_PREPROCESSOR_DEFINITIONS = (
					"DEBUG=1",
					"$(inherited)",
				);
				GCC_WARN_64_TO_32_BIT_CONVERSION = YES;
				GCC_WARN_ABOUT_RETURN_TYPE = YES_ERROR;
				GCC_WARN_UNDECLARED_SELECTOR = YES;
				GCC_WARN_UNINITIALIZED_AUTOS = YES_AGGRESSIVE;
				GCC_WARN_UNUSED_FUNCTION = YES;
				GCC_WARN_UNUSED_VARIABLE = YES;
				MACOSX_DEPLOYMENT_TARGET = 10.11;
				MTL_ENABLE_DEBUG_INFO = YES;
				ONLY_ACTIVE_ARCH = YES;
				SDKROOT = macosx;
			};
			name = Debug;
		};
		9C2A0D6C1DE6AB260063A59A /* Release */ = {
			isa = XCBuildConfiguration;
			buildSettings = {
				ALWAYS_SEARCH_USER_PATHS = NO;
				CLANG_ANALYZER_NONNULL = YES;
				CLANG_CXX_LANGUAGE_STANDARD = "gnu++0x";
				CLANG_CXX_LIBRARY = "libc++";
				CLANG_ENABLE_MODULES = YES;
				CLANG_ENABLE_OBJC_ARC = YES;
				CLANG_WARN_BOOL_CONVERSION = YES;
				CLANG_WARN_CONSTANT_CONVERSION = YES;
				CLANG_WARN_DIRECT_OBJC_ISA_USAGE = YES_ERROR;
				CLANG_WARN_EMPTY_BODY = YES;
				CLANG_WARN_ENUM_CONVERSION = YES;
				CLANG_WARN_INT_CONVERSION = YES;
				CLANG_WARN_OBJC_ROOT_CLASS = YES_ERROR;
				CLANG_WARN_UNREACHABLE_CODE = YES;
				CLANG_WARN__DUPLICATE_METHOD_MATCH = YES;
				CODE_SIGN_IDENTITY = "-";
				COPY_PHASE_STRIP = NO;
				DEBUG_INFORMATION_FORMAT = "dwarf-with-dsym";
				ENABLE_NS_ASSERTIONS = NO;
				ENABLE_STRICT_OBJC_MSGSEND = YES;
				GCC_C_LANGUAGE_STANDARD = gnu99;
				GCC_NO_COMMON_BLOCKS = YES;
				GCC_WARN_64_TO_32_BIT_CONVERSION = YES;
				GCC_WARN_ABOUT_RETURN_TYPE = YES_ERROR;
				GCC_WARN_UNDECLARED_SELECTOR = YES;
				GCC_WARN_UNINITIALIZED_AUTOS = YES_AGGRESSIVE;
				GCC_WARN_UNUSED_FUNCTION = YES;
				GCC_WARN_UNUSED_VARIABLE = YES;
				MACOSX_DEPLOYMENT_TARGET = 10.11;
				MTL_ENABLE_DEBUG_INFO = NO;
				SDKROOT = macosx;
			};
			name = Release;
		};
		9C2A0D6E1DE6AB260063A59A /* Debug */ = {
			isa = XCBuildConfiguration;
			buildSettings = {
				PRODUCT_NAME = "$(TARGET_NAME)";
			};
			name = Debug;
		};
		9C2A0D6F1DE6AB260063A59A /* Release */ = {
			isa = XCBuildConfiguration;
			buildSettings = {
				PRODUCT_NAME = "$(TARGET_NAME)";
			};
			name = Release;
		};
/* End XCBuildConfiguration section */

/* Begin XCConfigurationList section */
		9C2A0D611DE6AB260063A59A /* Build configuration list for PBXProject "LIF-CPP" */ = {
			isa = XCConfigurationList;
			buildConfigurations = (
				9C2A0D6B1DE6AB260063A59A /* Debug */,
				9C2A0D6C1DE6AB260063A59A /* Release */,
			);
			defaultConfigurationIsVisible = 0;
			defaultConfigurationName = Release;
		};
		9C2A0D6D1DE6AB260063A59A /* Build configuration list for PBXNativeTarget "LIF-CPP" */ = {
			isa = XCConfigurationList;
			buildConfigurations = (
				9C2A0D6E1DE6AB260063A59A /* Debug */,
				9C2A0D6F1DE6AB260063A59A /* Release */,
			);
			defaultConfigurationIsVisible = 0;
		};
/* End XCConfigurationList section */
	};
	rootObject = 9C2A0D5E1DE6AB260063A59A /* Project object */;
}
